
Microsoft Visual Studio Solution File, Format Version 12.00
# Visual Studio 2017
Project("{FAE04EC0-301F-11D3-BF4B-00C04F79EFBC}") = "rollaball tyler d r.Plugins", "rollaball tyler d r.Plugins.csproj", "{DED8C396-4521-9906-0644-F9490F73DA87}"
EndProject
Project("{FAE04EC0-301F-11D3-BF4B-00C04F79EFBC}") = "rollaball tyler d r", "rollaball tyler d r.csproj", "{03F1A145-B0EF-DFD1-A994-2294565A6808}"
EndProject
Project("{FAE04EC0-301F-11D3-BF4B-00C04F79EFBC}") = "rollaball tyler d r.Editor.Plugins", "rollaball tyler d r.Editor.Plugins.csproj", "{15BEDD72-73F2-DED8-36CF-4E9AB930C4E5}"
EndProject
Global
	GlobalSection(SolutionConfigurationPlatforms) = preSolution
		Debug|Any CPU = Debug|Any CPU
		Release|Any CPU = Release|Any CPU
	EndGlobalSection
	GlobalSection(ProjectConfigurationPlatforms) = postSolution
		{DED8C396-4521-9906-0644-F9490F73DA87}.Debug|Any CPU.ActiveCfg = Debug|Any CPU
		{DED8C396-4521-9906-0644-F9490F73DA87}.Debug|Any CPU.Build.0 = Debug|Any CPU
		{DED8C396-4521-9906-0644-F9490F73DA87}.Release|Any CPU.ActiveCfg = Release|Any CPU
		{DED8C396-4521-9906-0644-F9490F73DA87}.Release|Any CPU.Build.0 = Release|Any CPU
		{03F1A145-B0EF-DFD1-A994-2294565A6808}.Debug|Any CPU.ActiveCfg = Debug|Any CPU
		{03F1A145-B0EF-DFD1-A994-2294565A6808}.Debug|Any CPU.Build.0 = Debug|Any CPU
		{03F1A145-B0EF-DFD1-A994-2294565A6808}.Release|Any CPU.ActiveCfg = Release|Any CPU
		{03F1A145-B0EF-DFD1-A994-2294565A6808}.Release|Any CPU.Build.0 = Release|Any CPU
		{15BEDD72-73F2-DED8-36CF-4E9AB930C4E5}.Debug|Any CPU.ActiveCfg = Debug|Any CPU
		{15BEDD72-73F2-DED8-36CF-4E9AB930C4E5}.Debug|Any CPU.Build.0 = Debug|Any CPU
		{15BEDD72-73F2-DED8-36CF-4E9AB930C4E5}.Release|Any CPU.ActiveCfg = Release|Any CPU
		{15BEDD72-73F2-DED8-36CF-4E9AB930C4E5}.Release|Any CPU.Build.0 = Release|Any CPU
	EndGlobalSection
	GlobalSection(SolutionProperties) = preSolution
		HideSolutionNode = FALSE
	EndGlobalSection
EndGlobal
